<Solution>
  <Project Path="RequestManagement.API/RequestManagement.API.csproj" />
  <Project Path="RequestManagement.Application/RequestManagement.Application.csproj" />
  <Project Path="RequestManagement.Domain/RequestManagement.Domain.csproj" />
  <Project Path="RequestManagement.Infrastructure/RequestManagement.Infrastructure.csproj" />
</Solution>
